
Microsoft Visual Studio Solution File, Format Version 12.00
# Visual Studio Version 16
VisualStudioVersion = 16.0.30114.105
MinimumVisualStudioVersion = 10.0.40219.1
Project("{FAE04EC0-301F-11D3-BF4B-00C04F79EFBC}") = "L2", "L2.csproj", "{B782EF49-EBB3-4B8E-A781-BD75B3AB30A2}"
EndProject
Global
	GlobalSection(SolutionConfigurationPlatforms) = preSolution
		Debug|Any CPU = Debug|Any CPU
		Release|Any CPU = Release|Any CPU
	EndGlobalSection
	GlobalSection(ProjectConfigurationPlatforms) = postSolution
		{B782EF49-EBB3-4B8E-A781-BD75B3AB30A2}.Debug|Any CPU.ActiveCfg = Debug|Any CPU
		{B782EF49-EBB3-4B8E-A781-BD75B3AB30A2}.Debug|Any CPU.Build.0 = Debug|Any CPU
		{B782EF49-EBB3-4B8E-A781-BD75B3AB30A2}.Release|Any CPU.ActiveCfg = Release|Any CPU
		{B782EF49-EBB3-4B8E-A781-BD75B3AB30A2}.Release|Any CPU.Build.0 = Release|Any CPU
	EndGlobalSection
	GlobalSection(SolutionProperties) = preSolution
		HideSolutionNode = FALSE
	EndGlobalSection
	GlobalSection(ExtensibilityGlobals) = postSolution
		SolutionGuid = {EA22211E-8CA8-4224-B08B-A6A9F0C09480}
	EndGlobalSection
EndGlobal
