
Microsoft Visual Studio Solution File, Format Version 12.00
# Visual Studio Version 16
VisualStudioVersion = 16.0.31205.134
MinimumVisualStudioVersion = 10.0.40219.1
Project("{FAE04EC0-301F-11D3-BF4B-00C04F79EFBC}") = "L3", "L3\L3\L3.csproj", "{99949448-B261-485A-92E2-1232491930A2}"
EndProject
Project("{FAE04EC0-301F-11D3-BF4B-00C04F79EFBC}") = "L3.Package", "L3\L3.Package\L3.Package.csproj", "{B2B376FB-5E17-4C65-B372-3C485A90112F}"
EndProject
Project("{FAE04EC0-301F-11D3-BF4B-00C04F79EFBC}") = "L3.Vsix", "L3\L3.Vsix\L3.Vsix.csproj", "{66726585-EED9-49DE-934E-8B6DCE1565AF}"
EndProject
Global
	GlobalSection(SolutionConfigurationPlatforms) = preSolution
		Debug|Any CPU = Debug|Any CPU
		Release|Any CPU = Release|Any CPU
	EndGlobalSection
	GlobalSection(ProjectConfigurationPlatforms) = postSolution
		{99949448-B261-485A-92E2-1232491930A2}.Debug|Any CPU.ActiveCfg = Debug|Any CPU
		{99949448-B261-485A-92E2-1232491930A2}.Debug|Any CPU.Build.0 = Debug|Any CPU
		{99949448-B261-485A-92E2-1232491930A2}.Release|Any CPU.ActiveCfg = Release|Any CPU
		{99949448-B261-485A-92E2-1232491930A2}.Release|Any CPU.Build.0 = Release|Any CPU
		{B2B376FB-5E17-4C65-B372-3C485A90112F}.Debug|Any CPU.ActiveCfg = Debug|Any CPU
		{B2B376FB-5E17-4C65-B372-3C485A90112F}.Debug|Any CPU.Build.0 = Debug|Any CPU
		{B2B376FB-5E17-4C65-B372-3C485A90112F}.Release|Any CPU.ActiveCfg = Release|Any CPU
		{B2B376FB-5E17-4C65-B372-3C485A90112F}.Release|Any CPU.Build.0 = Release|Any CPU
		{66726585-EED9-49DE-934E-8B6DCE1565AF}.Debug|Any CPU.ActiveCfg = Debug|Any CPU
		{66726585-EED9-49DE-934E-8B6DCE1565AF}.Debug|Any CPU.Build.0 = Debug|Any CPU
		{66726585-EED9-49DE-934E-8B6DCE1565AF}.Release|Any CPU.ActiveCfg = Release|Any CPU
		{66726585-EED9-49DE-934E-8B6DCE1565AF}.Release|Any CPU.Build.0 = Release|Any CPU
	EndGlobalSection
	GlobalSection(SolutionProperties) = preSolution
		HideSolutionNode = FALSE
	EndGlobalSection
	GlobalSection(ExtensibilityGlobals) = postSolution
		SolutionGuid = {C91124BB-3A69-4B07-A2E3-4ABBEE253A76}
	EndGlobalSection
EndGlobal
